
Microsoft Visual Studio Solution File, Format Version 12.00
# Visual Studio Version 17
VisualStudioVersion = 17.5.002.0
MinimumVisualStudioVersion = 10.0.40219.1
Project("{9A19103F-16F7-4668-BE54-9A1E7A4F7556}") = "Zadanie1", "Zadanie1.csproj", "{332171A9-D76A-426D-A055-171925126ECE}"
EndProject
Global
	GlobalSection(SolutionConfigurationPlatforms) = preSolution
		Debug|Any CPU = Debug|Any CPU
		Release|Any CPU = Release|Any CPU
	EndGlobalSection
	GlobalSection(ProjectConfigurationPlatforms) = postSolution
		{332171A9-D76A-426D-A055-171925126ECE}.Debug|Any CPU.ActiveCfg = Debug|Any CPU
		{332171A9-D76A-426D-A055-171925126ECE}.Debug|Any CPU.Build.0 = Debug|Any CPU
		{332171A9-D76A-426D-A055-171925126ECE}.Release|Any CPU.ActiveCfg = Release|Any CPU
		{332171A9-D76A-426D-A055-171925126ECE}.Release|Any CPU.Build.0 = Release|Any CPU
	EndGlobalSection
	GlobalSection(SolutionProperties) = preSolution
		HideSolutionNode = FALSE
	EndGlobalSection
	GlobalSection(ExtensibilityGlobals) = postSolution
		SolutionGuid = {55F696F1-EE51-45ED-98AD-DA9E2E6C33EE}
	EndGlobalSection
EndGlobal
